
Microsoft Visual Studio Solution File, Format Version 12.00
# Visual Studio Version 17
VisualStudioVersion = 17.13.35931.197 d17.13
MinimumVisualStudioVersion = 10.0.40219.1
Project("{FAE04EC0-301F-11D3-BF4B-00C04F79EFBC}") = "SocialNetApp", "SocialNetApp\SocialNetApp.csproj", "{EBFB199D-8911-43CF-8F82-3937A5B5ED9B}"
EndProject
Project("{FAE04EC0-301F-11D3-BF4B-00C04F79EFBC}") = "SocialNetApp.Data", "SocialNetApp.Data\SocialNetApp.Data.csproj", "{C25BC611-388E-4BFC-84F5-B8E22903C3A4}"
EndProject
Global
	GlobalSection(SolutionConfigurationPlatforms) = preSolution
		Debug|Any CPU = Debug|Any CPU
		Release|Any CPU = Release|Any CPU
	EndGlobalSection
	GlobalSection(ProjectConfigurationPlatforms) = postSolution
		{EBFB199D-8911-43CF-8F82-3937A5B5ED9B}.Debug|Any CPU.ActiveCfg = Debug|Any CPU
		{EBFB199D-8911-43CF-8F82-3937A5B5ED9B}.Debug|Any CPU.Build.0 = Debug|Any CPU
		{EBFB199D-8911-43CF-8F82-3937A5B5ED9B}.Release|Any CPU.ActiveCfg = Release|Any CPU
		{EBFB199D-8911-43CF-8F82-3937A5B5ED9B}.Release|Any CPU.Build.0 = Release|Any CPU
		{C25BC611-388E-4BFC-84F5-B8E22903C3A4}.Debug|Any CPU.ActiveCfg = Debug|Any CPU
		{C25BC611-388E-4BFC-84F5-B8E22903C3A4}.Debug|Any CPU.Build.0 = Debug|Any CPU
		{C25BC611-388E-4BFC-84F5-B8E22903C3A4}.Release|Any CPU.ActiveCfg = Release|Any CPU
		{C25BC611-388E-4BFC-84F5-B8E22903C3A4}.Release|Any CPU.Build.0 = Release|Any CPU
	EndGlobalSection
	GlobalSection(SolutionProperties) = preSolution
		HideSolutionNode = FALSE
	EndGlobalSection
	GlobalSection(ExtensibilityGlobals) = postSolution
		SolutionGuid = {B02D2EE0-70E7-4CB1-987D-5CFE26280172}
	EndGlobalSection
EndGlobal
